{
    "_readme": [
        "This file locks the dependencies of your project to a known state",
        "Read more about it at https://getcomposer.org/doc/01-basic-usage.md#installing-dependencies",
        "This file is @generated automatically"
    ],
    "content-hash": "a2aa056a2e208225510def703d3e24b8",
    "packages": [
        {
            "name": "bgli100/securimage",
            "version": "4.0.2",
            "source": {
                "type": "git",
                "url": "https://github.com/bgli100/securimage.git",
                "reference": "aabde76d839d75a238970661187f83312c2eeda7"
            },
            "dist": {
                "type": "zip",
                "url": "https://api.github.com/repos/bgli100/securimage/zipball/aabde76d839d75a238970661187f83312c2eeda7",
                "reference": "aabde76d839d75a238970661187f83312c2eeda7",
                "shasum": ""
            },
            "require": {
                "ext-gd": "*",
                "php": ">=5.4"
            },
            "suggest": {
                "ext-pdo": "For database storage support",
                "ext-pdo_mysql": "For MySQL database support",
                "ext-pdo_sqlite": "For SQLite3 database support"
            },
            "type": "library",
            "autoload": {
                "psr-4": {
                    "Securimage\\": "./"
                },
                "classmap": [
                    "securimage.php"
                ]
            },
            "notification-url": "https://packagist.org/downloads/",
            "license": [
                "BSD-3-Clause"
            ],
            "authors": [
                {
                    "name": "Drew Phillips",
                    "email": "drew@drew-phillips.com"
                }
            ],
            "description": "PHP CAPTCHA Library",
            "homepage": "https://www.phpcaptcha.org",
            "keywords": [
                "Forms",
                "anti-spam",
                "captcha",
                "security"
            ],
            "support": {
                "source": "https://github.com/bgli100/securimage/tree/4.0.2"
            },
            "time": "2020-05-30T10:05:48+00:00"
        },
        {
            "name": "stripe/stripe-php",
            "version": "v21.3.1",
            "source": {
                "type": "git",
                "url": "https://github.com/stripe/stripe-php.git",
                "reference": "12986995cd5e229cc094d4b57de056f8e2e6e5a9"
            },
            "dist": {
                "type": "zip",
                "url": "https://api.github.com/repos/stripe/stripe-php/zipball/12986995cd5e229cc094d4b57de056f8e2e6e5a9",
                "reference": "12986995cd5e229cc094d4b57de056f8e2e6e5a9",
                "shasum": ""
            },
            "require": {
                "ext-curl": "*",
                "ext-json": "*",
                "ext-mbstring": "*",
                "php": ">=7.2.0"
            },
            "require-dev": {
                "friendsofphp/php-cs-fixer": "3.94.0",
                "phpstan/phpstan": "^1.2",
                "phpunit/phpunit": "^8.0 || ^9.0"
            },
            "type": "library",
            "extra": {
                "branch-alias": {
                    "dev-master": "2.0-dev"
                }
            },
            "autoload": {
                "files": [
                    "lib/version_check.php"
                ],
                "psr-4": {
                    "Stripe\\": "lib/"
                }
            },
            "notification-url": "https://packagist.org/downloads/",
            "license": [
                "MIT"
            ],
            "authors": [
                {
                    "name": "Stripe and contributors",
                    "homepage": "https://github.com/stripe/stripe-php/contributors"
                }
            ],
            "description": "Stripe PHP Library",
            "homepage": "https://stripe.com/",
            "keywords": [
                "api",
                "payment processing",
                "stripe"
            ],
            "support": {
                "issues": "https://github.com/stripe/stripe-php/issues",
                "source": "https://github.com/stripe/stripe-php/tree/v21.3.1"
            },
            "time": "2026-09-01T18:42:58+00:00"
        },
        {
            "name": "tecnickcom/tc-lib-barcode",
            "version": "2.16.0",
            "source": {
                "type": "git",
                "url": "https://github.com/tecnickcom/tc-lib-barcode.git",
                "reference": "a586d5f03eecf0006395cb18fc92a96d46194ba8"
            },
            "dist": {
                "type": "zip",
                "url": "https://api.github.com/repos/tecnickcom/tc-lib-barcode/zipball/a586d5f03eecf0006395cb18fc92a96d46194ba8",
                "reference": "a586d5f03eecf0006395cb18fc92a96d46194ba8",
                "shasum": ""
            },
            "require": {
                "ext-ctype": "*",
                "ext-gd": "*",
                "ext-pcre": "*",
                "php": "^8.2",
                "tecnickcom/tc-lib-color": "^3.0"
            },
            "require-dev": {
                "carthage-software/mago": "^1.47.4",
                "pdepend/pdepend": "^2.16",
                "phpunit/phpunit": "^11.5 || ^12.5 || ^13.3"
            },
            "suggest": {
                "ext-bcmath": "Speeds up the arbitrary precision arithmetic used by the IMB and PDF417 barcode types (a pure-PHP implementation is used when missing)",
                "ext-imagick": "Alternative PNG renderer used by getPngData() when the extension is loaded"
            },
            "type": "library",
            "autoload": {
                "psr-4": {
                    "Com\\Tecnick\\Barcode\\": "src"
                }
            },
            "notification-url": "https://packagist.org/downloads/",
            "license": [
                "LGPL-3.0-or-later"
            ],
            "authors": [
                {
                    "name": "Nicola Asuni",
                    "email": "info@tecnick.com",
                    "role": "lead"
                }
            ],
            "description": "PHP library to generate 73 types of linear, 2D and postal barcodes as SVG, PNG, HTML or GD images",
            "homepage": "https://tcpdf.org",
            "keywords": [
                "2D Barcode",
                "AZTEC Rune",
                "CODABAR",
                "CODE 11",
                "CODE 128",
                "CODE 16K",
                "CODE 32",
                "CODE 39",
                "CODE 49",
                "CODE 93",
                "DMRE",
                "Deutsche Post",
                "EAN 13",
                "EAN 2",
                "EAN 5",
                "EAN 8",
                "ECC200",
                "GB T 21049",
                "GS1 DataBar",
                "GS1-14",
                "HIBC",
                "Han Xin Code",
                "IATA 2 of 5",
                "ISO IEC 15438",
                "ISO IEC 16022",
                "ISO IEC 18004",
                "ISO IEC 20830",
                "ISO IEC 21471",
                "ISO IEC 24724",
                "ISO IEC 24778",
                "ITF-14",
                "Intelligent Mail Barcode",
                "Interleaved 2 of 5",
                "Japan Post",
                "KIX",
                "LOGMARS",
                "Linear barcode",
                "MSI",
                "Mailmark",
                "Matrix 2 of 5",
                "Micro QR Code",
                "Onecode",
                "PHARMACODE",
                "PHARMACODE TWO-TRACKS",
                "POSTNET",
                "PZN",
                "Plessey",
                "RMS4CC",
                "SSCC-18",
                "Standard 2 of 5",
                "Telepen",
                "UPC-A",
                "UPC-E",
                "australia post",
                "aztec",
                "barcode",
                "datamatrix",
                "gs1",
                "gs1-128",
                "identcode",
                "leitcode",
                "matrix barcode",
                "pdf417",
                "planet",
                "png",
                "postal barcode",
                "qr-code",
                "royal mail",
                "stacked barcode",
                "svg",
                "tc-lib-barcode",
                "upc"
            ],
            "support": {
                "issues": "https://github.com/tecnickcom/tc-lib-barcode/issues",
                "source": "https://github.com/tecnickcom/tc-lib-barcode"
            },
            "funding": [
                {
                    "url": "https://github.com/sponsors/tecnickcom",
                    "type": "github"
                }
            ],
            "time": "2026-09-02T13:37:03+00:00"
        },
        {
            "name": "tecnickcom/tc-lib-color",
            "version": "3.0.2",
            "source": {
                "type": "git",
                "url": "https://github.com/tecnickcom/tc-lib-color.git",
                "reference": "e6b9f583cf4c5126de158b8e0d99f61ffa7917ad"
            },
            "dist": {
                "type": "zip",
                "url": "https://api.github.com/repos/tecnickcom/tc-lib-color/zipball/e6b9f583cf4c5126de158b8e0d99f61ffa7917ad",
                "reference": "e6b9f583cf4c5126de158b8e0d99f61ffa7917ad",
                "shasum": ""
            },
            "require": {
                "ext-pcre": "*",
                "php": "^8.2"
            },
            "require-dev": {
                "carthage-software/mago": "^1.47.4",
                "pdepend/pdepend": "^2.16",
                "phpunit/phpunit": "^11.5 || ^12.5 || ^13.3"
            },
            "type": "library",
            "autoload": {
                "psr-4": {
                    "Com\\Tecnick\\Color\\": "src"
                }
            },
            "notification-url": "https://packagist.org/downloads/",
            "license": [
                "LGPL-3.0-or-later"
            ],
            "authors": [
                {
                    "name": "Nicola Asuni",
                    "email": "info@tecnick.com",
                    "role": "lead"
                }
            ],
            "description": "PHP library to manipulate various color representations",
            "homepage": "https://tcpdf.org",
            "keywords": [
                "cielab",
                "cmyk",
                "color",
                "colors",
                "colour",
                "colours",
                "css",
                "gray",
                "grayscale",
                "hsl",
                "hsla",
                "javascript",
                "lab",
                "pdf",
                "rgb",
                "rgba",
                "separation",
                "spot",
                "tc-lib-color",
                "web"
            ],
            "support": {
                "issues": "https://github.com/tecnickcom/tc-lib-color/issues",
                "source": "https://github.com/tecnickcom/tc-lib-color"
            },
            "funding": [
                {
                    "url": "https://github.com/sponsors/tecnickcom",
                    "type": "github"
                }
            ],
            "time": "2026-08-26T19:01:04+00:00"
        },
        {
            "name": "tecnickcom/tc-lib-file",
            "version": "3.9.0",
            "source": {
                "type": "git",
                "url": "https://github.com/tecnickcom/tc-lib-file.git",
                "reference": "d035e1eedcc32229655cf89f295f90964ebeb0bb"
            },
            "dist": {
                "type": "zip",
                "url": "https://api.github.com/repos/tecnickcom/tc-lib-file/zipball/d035e1eedcc32229655cf89f295f90964ebeb0bb",
                "reference": "d035e1eedcc32229655cf89f295f90964ebeb0bb",
                "shasum": ""
            },
            "require": {
                "ext-curl": "*",
                "ext-pcre": "*",
                "php": "^8.2"
            },
            "require-dev": {
                "carthage-software/mago": "^1.47.4",
                "pdepend/pdepend": "^2.16",
                "phpunit/phpunit": "^11.5 || ^12.5 || ^13.3"
            },
            "suggest": {
                "ext-intl": "Enables Unicode NFC normalization when matching paths against the allowlist"
            },
            "type": "library",
            "autoload": {
                "psr-4": {
                    "Com\\Tecnick\\File\\": "src"
                }
            },
            "notification-url": "https://packagist.org/downloads/",
            "license": [
                "LGPL-3.0-or-later"
            ],
            "authors": [
                {
                    "name": "Nicola Asuni",
                    "email": "info@tecnick.com",
                    "role": "lead"
                }
            ],
            "description": "PHP library for safe low-level file access: byte-level reads, path allowlisting, file caching and directory lookup",
            "homepage": "https://tcpdf.org",
            "keywords": [
                "Double",
                "bit",
                "byte",
                "file",
                "long",
                "read",
                "short",
                "tc-lib-file"
            ],
            "support": {
                "issues": "https://github.com/tecnickcom/tc-lib-file/issues",
                "source": "https://github.com/tecnickcom/tc-lib-file"
            },
            "funding": [
                {
                    "url": "https://github.com/sponsors/tecnickcom",
                    "type": "github"
                }
            ],
            "time": "2026-08-26T19:32:15+00:00"
        },
        {
            "name": "tecnickcom/tc-lib-pdf",
            "version": "8.73.2",
            "source": {
                "type": "git",
                "url": "https://github.com/tecnickcom/tc-lib-pdf.git",
                "reference": "6e0a1482a1899869e7ef9e422d919a26fa50db4f"
            },
            "dist": {
                "type": "zip",
                "url": "https://api.github.com/repos/tecnickcom/tc-lib-pdf/zipball/6e0a1482a1899869e7ef9e422d919a26fa50db4f",
                "reference": "6e0a1482a1899869e7ef9e422d919a26fa50db4f",
                "shasum": ""
            },
            "require": {
                "ext-ctype": "*",
                "ext-filter": "*",
                "ext-hash": "*",
                "ext-json": "*",
                "ext-mbstring": "*",
                "ext-openssl": "*",
                "ext-pcre": "*",
                "ext-xml": "*",
                "ext-zlib": "*",
                "php": "^8.2",
                "tecnickcom/tc-lib-barcode": "^2.16",
                "tecnickcom/tc-lib-color": "^3.0",
                "tecnickcom/tc-lib-file": "^3.9",
                "tecnickcom/tc-lib-pdf-encrypt": "^2.11",
                "tecnickcom/tc-lib-pdf-font": "^4.3",
                "tecnickcom/tc-lib-pdf-graph": "^2.17",
                "tecnickcom/tc-lib-pdf-image": "^3.14",
                "tecnickcom/tc-lib-pdf-page": "^4.16",
                "tecnickcom/tc-lib-pdf-parser": "^3.15",
                "tecnickcom/tc-lib-pdf-sign": "^2.0",
                "tecnickcom/tc-lib-unicode": "^3.0",
                "tecnickcom/tc-lib-unicode-data": "^3.0"
            },
            "require-dev": {
                "carthage-software/mago": "^1.47.4",
                "pdepend/pdepend": "^2.16",
                "phpunit/phpunit": "^11.5 || ^12.5 || ^13.3"
            },
            "suggest": {
                "ext-curl": "Required to contact a Timestamp Authority (RFC 3161) when timestamping signatures",
                "ext-intl": "Enables Unicode NFC normalization of the PDF file name"
            },
            "type": "library",
            "autoload": {
                "psr-4": {
                    "Com\\Tecnick\\Pdf\\": "src"
                }
            },
            "notification-url": "https://packagist.org/downloads/",
            "license": [
                "LGPL-3.0-or-later"
            ],
            "authors": [
                {
                    "name": "Nicola Asuni",
                    "email": "info@tecnick.com",
                    "role": "lead"
                }
            ],
            "description": "PHP PDF Library",
            "homepage": "https://tcpdf.org",
            "keywords": [
                "PDFD32000-2008",
                "TCPDF",
                "document",
                "pdf",
                "tc-lib-pdf"
            ],
            "support": {
                "issues": "https://github.com/tecnickcom/tc-lib-pdf/issues",
                "source": "https://github.com/tecnickcom/tc-lib-pdf"
            },
            "funding": [
                {
                    "url": "https://github.com/sponsors/tecnickcom",
                    "type": "github"
                }
            ],
            "time": "2026-09-02T14:03:52+00:00"
        },
        {
            "name": "tecnickcom/tc-lib-pdf-encrypt",
            "version": "2.11.0",
            "source": {
                "type": "git",
                "url": "https://github.com/tecnickcom/tc-lib-pdf-encrypt.git",
                "reference": "a06e75da1696a96ff47aa6269e6b02ec56184bac"
            },
            "dist": {
                "type": "zip",
                "url": "https://api.github.com/repos/tecnickcom/tc-lib-pdf-encrypt/zipball/a06e75da1696a96ff47aa6269e6b02ec56184bac",
                "reference": "a06e75da1696a96ff47aa6269e6b02ec56184bac",
                "shasum": ""
            },
            "require": {
                "ext-ctype": "*",
                "ext-hash": "*",
                "ext-openssl": "*",
                "ext-pcre": "*",
                "php": "^8.2"
            },
            "require-dev": {
                "carthage-software/mago": "1.47.*",
                "pdepend/pdepend": "^2.16",
                "phpunit/phpunit": "^11.5 || ^12.5 || ^13.3"
            },
            "type": "library",
            "autoload": {
                "psr-4": {
                    "Com\\Tecnick\\Pdf\\Encrypt\\": "src"
                }
            },
            "notification-url": "https://packagist.org/downloads/",
            "license": [
                "LGPL-3.0-or-later"
            ],
            "authors": [
                {
                    "name": "Nicola Asuni",
                    "email": "info@tecnick.com",
                    "role": "lead"
                }
            ],
            "description": "PHP library to encrypt and decrypt PDF data",
            "homepage": "https://tcpdf.org",
            "keywords": [
                "aes",
                "encrypt",
                "encryption",
                "pdf",
                "rc4",
                "tc-lib-pdf-encrypt"
            ],
            "support": {
                "issues": "https://github.com/tecnickcom/tc-lib-pdf-encrypt/issues",
                "source": "https://github.com/tecnickcom/tc-lib-pdf-encrypt"
            },
            "funding": [
                {
                    "url": "https://github.com/sponsors/tecnickcom",
                    "type": "github"
                }
            ],
            "time": "2026-08-26T23:38:26+00:00"
        },
        {
            "name": "tecnickcom/tc-lib-pdf-filter",
            "version": "2.11.0",
            "source": {
                "type": "git",
                "url": "https://github.com/tecnickcom/tc-lib-pdf-filter.git",
                "reference": "7c988be0f7bcce2c81f90f057c7051a5a6664dd7"
            },
            "dist": {
                "type": "zip",
                "url": "https://api.github.com/repos/tecnickcom/tc-lib-pdf-filter/zipball/7c988be0f7bcce2c81f90f057c7051a5a6664dd7",
                "reference": "7c988be0f7bcce2c81f90f057c7051a5a6664dd7",
                "shasum": ""
            },
            "require": {
                "ext-pcre": "*",
                "ext-zlib": "*",
                "php": "^8.2"
            },
            "require-dev": {
                "carthage-software/mago": "^1.47.4",
                "pdepend/pdepend": "^2.16",
                "phpunit/phpunit": "^11.5 || ^12.5 || ^13.3"
            },
            "suggest": {
                "ext-imagick": "Required for the JPXDecode (JPEG 2000) and CCITTFaxDecode filters",
                "jbig2dec": "CLI tool required for the JBIG2Decode filter"
            },
            "type": "library",
            "autoload": {
                "psr-4": {
                    "Com\\Tecnick\\Pdf\\Filter\\": "src"
                }
            },
            "notification-url": "https://packagist.org/downloads/",
            "license": [
                "LGPL-3.0-or-later"
            ],
            "authors": [
                {
                    "name": "Nicola Asuni",
                    "email": "info@tecnick.com",
                    "role": "lead"
                }
            ],
            "description": "PHP library to decode PDF compression and encryption filters",
            "homepage": "https://tcpdf.org",
            "keywords": [
                "compression",
                "encryption",
                "filter",
                "pdf",
                "tc-lib-pdf-filter"
            ],
            "support": {
                "issues": "https://github.com/tecnickcom/tc-lib-pdf-filter/issues",
                "source": "https://github.com/tecnickcom/tc-lib-pdf-filter"
            },
            "funding": [
                {
                    "url": "https://github.com/sponsors/tecnickcom",
                    "type": "github"
                }
            ],
            "time": "2026-08-27T08:56:44+00:00"
        },
        {
            "name": "tecnickcom/tc-lib-pdf-font",
            "version": "4.3.1",
            "source": {
                "type": "git",
                "url": "https://github.com/tecnickcom/tc-lib-pdf-font.git",
                "reference": "f3827e335aaef1b45a95a41472fc8f3c271a4f44"
            },
            "dist": {
                "type": "zip",
                "url": "https://api.github.com/repos/tecnickcom/tc-lib-pdf-font/zipball/f3827e335aaef1b45a95a41472fc8f3c271a4f44",
                "reference": "f3827e335aaef1b45a95a41472fc8f3c271a4f44",
                "shasum": ""
            },
            "require": {
                "ext-hash": "*",
                "ext-json": "*",
                "ext-pcre": "*",
                "ext-zlib": "*",
                "php": "^8.2",
                "tecnickcom/tc-lib-file": "^3.9",
                "tecnickcom/tc-lib-pdf-encrypt": "^2.11",
                "tecnickcom/tc-lib-unicode-data": "^3.0"
            },
            "require-dev": {
                "carthage-software/mago": "^1.47.4",
                "pdepend/pdepend": "^2.16",
                "phpunit/phpunit": "^11.5 || ^12.5 || ^13.3"
            },
            "suggest": {
                "ext-iconv": "Decodes legacy Macintosh (MacRoman) TrueType name strings",
                "ext-mbstring": "Decodes UTF-16BE and Windows-1252 TrueType name strings"
            },
            "type": "library",
            "autoload": {
                "psr-4": {
                    "Com\\Tecnick\\Pdf\\Font\\": "src"
                }
            },
            "notification-url": "https://packagist.org/downloads/",
            "license": [
                "LGPL-3.0-or-later"
            ],
            "authors": [
                {
                    "name": "Nicola Asuni",
                    "email": "info@tecnick.com",
                    "role": "lead"
                }
            ],
            "description": "PHP library containing PDF font methods and utilities",
            "homepage": "https://tcpdf.org",
            "keywords": [
                "PFB",
                "afm",
                "font",
                "import",
                "pdf",
                "tc-lib-pdf-font",
                "ttf"
            ],
            "support": {
                "issues": "https://github.com/tecnickcom/tc-lib-pdf-font/issues",
                "source": "https://github.com/tecnickcom/tc-lib-pdf-font"
            },
            "funding": [
                {
                    "url": "https://github.com/sponsors/tecnickcom",
                    "type": "github"
                }
            ],
            "time": "2026-08-27T18:49:12+00:00"
        },
        {
            "name": "tecnickcom/tc-lib-pdf-graph",
            "version": "2.17.0",
            "source": {
                "type": "git",
                "url": "https://github.com/tecnickcom/tc-lib-pdf-graph.git",
                "reference": "54128dfe52c191f7e717d950f0591a09a398c777"
            },
            "dist": {
                "type": "zip",
                "url": "https://api.github.com/repos/tecnickcom/tc-lib-pdf-graph/zipball/54128dfe52c191f7e717d950f0591a09a398c777",
                "reference": "54128dfe52c191f7e717d950f0591a09a398c777",
                "shasum": ""
            },
            "require": {
                "ext-zlib": "*",
                "php": "^8.2",
                "tecnickcom/tc-lib-color": "^3.0",
                "tecnickcom/tc-lib-pdf-encrypt": "^2.11"
            },
            "require-dev": {
                "carthage-software/mago": "^1.47.4",
                "pdepend/pdepend": "^2.16",
                "phpunit/phpunit": "^11.5 || ^12.5 || ^13.3"
            },
            "type": "library",
            "autoload": {
                "psr-4": {
                    "Com\\Tecnick\\Pdf\\Graph\\": "src"
                }
            },
            "notification-url": "https://packagist.org/downloads/",
            "license": [
                "LGPL-3.0-or-later"
            ],
            "authors": [
                {
                    "name": "Nicola Asuni",
                    "email": "info@tecnick.com",
                    "role": "lead"
                }
            ],
            "description": "PHP library containing PDF graphic and geometric methods",
            "homepage": "https://tcpdf.org",
            "keywords": [
                "geometry",
                "graphic",
                "pdf",
                "tc-lib-pdf-graph",
                "transformation"
            ],
            "support": {
                "issues": "https://github.com/tecnickcom/tc-lib-pdf-graph/issues",
                "source": "https://github.com/tecnickcom/tc-lib-pdf-graph"
            },
            "funding": [
                {
                    "url": "https://github.com/sponsors/tecnickcom",
                    "type": "github"
                }
            ],
            "time": "2026-08-31T12:17:22+00:00"
        },
        {
            "name": "tecnickcom/tc-lib-pdf-image",
            "version": "3.14.0",
            "source": {
                "type": "git",
                "url": "https://github.com/tecnickcom/tc-lib-pdf-image.git",
                "reference": "b0bfbecdd213f06693f4704fc2ff8f218e073755"
            },
            "dist": {
                "type": "zip",
                "url": "https://api.github.com/repos/tecnickcom/tc-lib-pdf-image/zipball/b0bfbecdd213f06693f4704fc2ff8f218e073755",
                "reference": "b0bfbecdd213f06693f4704fc2ff8f218e073755",
                "shasum": ""
            },
            "require": {
                "ext-gd": "*",
                "ext-zlib": "*",
                "php": "^8.2",
                "tecnickcom/tc-lib-file": "^3.9",
                "tecnickcom/tc-lib-pdf-encrypt": "^2.11"
            },
            "require-dev": {
                "carthage-software/mago": "^1.47.4",
                "pdepend/pdepend": "^2.16",
                "phpunit/phpunit": "^11.5 || ^12.5 || ^13.3"
            },
            "type": "library",
            "autoload": {
                "psr-4": {
                    "Com\\Tecnick\\Pdf\\Image\\": "src"
                }
            },
            "notification-url": "https://packagist.org/downloads/",
            "license": [
                "LGPL-3.0-or-later"
            ],
            "authors": [
                {
                    "name": "Nicola Asuni",
                    "email": "info@tecnick.com",
                    "role": "lead"
                }
            ],
            "description": "PHP library containing PDF Image methods",
            "homepage": "https://tcpdf.org",
            "keywords": [
                "image",
                "jpeg",
                "jpg",
                "pdf",
                "png",
                "tc-lib-pdf-image"
            ],
            "support": {
                "issues": "https://github.com/tecnickcom/tc-lib-pdf-image/issues",
                "source": "https://github.com/tecnickcom/tc-lib-pdf-image"
            },
            "funding": [
                {
                    "url": "https://github.com/sponsors/tecnickcom",
                    "type": "github"
                }
            ],
            "time": "2026-08-31T14:18:55+00:00"
        },
        {
            "name": "tecnickcom/tc-lib-pdf-page",
            "version": "4.16.1",
            "source": {
                "type": "git",
                "url": "https://github.com/tecnickcom/tc-lib-pdf-page.git",
                "reference": "801b16f8550d9d318558ada2c4e1050589c2c4ae"
            },
            "dist": {
                "type": "zip",
                "url": "https://api.github.com/repos/tecnickcom/tc-lib-pdf-page/zipball/801b16f8550d9d318558ada2c4e1050589c2c4ae",
                "reference": "801b16f8550d9d318558ada2c4e1050589c2c4ae",
                "shasum": ""
            },
            "require": {
                "ext-zlib": "*",
                "php": "^8.2",
                "tecnickcom/tc-lib-color": "^3.0",
                "tecnickcom/tc-lib-pdf-encrypt": "^2.11"
            },
            "require-dev": {
                "carthage-software/mago": "^1.47.4",
                "pdepend/pdepend": "^2.16",
                "phpunit/phpunit": "^11.5 || ^12.5 || ^13.3"
            },
            "type": "library",
            "autoload": {
                "psr-4": {
                    "Com\\Tecnick\\Pdf\\Page\\": "src"
                }
            },
            "notification-url": "https://packagist.org/downloads/",
            "license": [
                "LGPL-3.0-or-later"
            ],
            "authors": [
                {
                    "name": "Nicola Asuni",
                    "email": "info@tecnick.com",
                    "role": "lead"
                }
            ],
            "description": "PHP library containing PDF page formats and definitions",
            "homepage": "https://tcpdf.org",
            "keywords": [
                "format",
                "page",
                "pdf",
                "tc-lib-pdf-page"
            ],
            "support": {
                "issues": "https://github.com/tecnickcom/tc-lib-pdf-page/issues",
                "source": "https://github.com/tecnickcom/tc-lib-pdf-page"
            },
            "funding": [
                {
                    "url": "https://github.com/sponsors/tecnickcom",
                    "type": "github"
                }
            ],
            "time": "2026-08-31T13:45:12+00:00"
        },
        {
            "name": "tecnickcom/tc-lib-pdf-parser",
            "version": "3.15.0",
            "source": {
                "type": "git",
                "url": "https://github.com/tecnickcom/tc-lib-pdf-parser.git",
                "reference": "67e21033744151e38d066beae6598441f53ef45c"
            },
            "dist": {
                "type": "zip",
                "url": "https://api.github.com/repos/tecnickcom/tc-lib-pdf-parser/zipball/67e21033744151e38d066beae6598441f53ef45c",
                "reference": "67e21033744151e38d066beae6598441f53ef45c",
                "shasum": ""
            },
            "require": {
                "ext-pcre": "*",
                "php": "^8.2",
                "tecnickcom/tc-lib-pdf-filter": "^2.11"
            },
            "require-dev": {
                "carthage-software/mago": "^1.47.4",
                "pdepend/pdepend": "^2.16",
                "phpunit/phpunit": "^11.5 || ^12.5 || ^13.3"
            },
            "type": "library",
            "autoload": {
                "psr-4": {
                    "Com\\Tecnick\\Pdf\\Parser\\": "src"
                }
            },
            "notification-url": "https://packagist.org/downloads/",
            "license": [
                "LGPL-3.0-or-later"
            ],
            "authors": [
                {
                    "name": "Nicola Asuni",
                    "email": "info@tecnick.com",
                    "role": "lead"
                }
            ],
            "description": "PHP library to parse PDF documents",
            "homepage": "https://tcpdf.org",
            "keywords": [
                "document",
                "parser",
                "pdf",
                "tc-lib-pdf-parser"
            ],
            "support": {
                "issues": "https://github.com/tecnickcom/tc-lib-pdf-parser/issues",
                "source": "https://github.com/tecnickcom/tc-lib-pdf-parser"
            },
            "funding": [
                {
                    "url": "https://github.com/sponsors/tecnickcom",
                    "type": "github"
                }
            ],
            "time": "2026-08-27T16:45:33+00:00"
        },
        {
            "name": "tecnickcom/tc-lib-pdf-sign",
            "version": "2.0.1",
            "source": {
                "type": "git",
                "url": "https://github.com/tecnickcom/tc-lib-pdf-sign.git",
                "reference": "1bbbda9de0433328197aef5b119bce22189bcadb"
            },
            "dist": {
                "type": "zip",
                "url": "https://api.github.com/repos/tecnickcom/tc-lib-pdf-sign/zipball/1bbbda9de0433328197aef5b119bce22189bcadb",
                "reference": "1bbbda9de0433328197aef5b119bce22189bcadb",
                "shasum": ""
            },
            "require": {
                "ext-hash": "*",
                "ext-json": "*",
                "ext-openssl": "*",
                "ext-pcre": "*",
                "php": "^8.2"
            },
            "require-dev": {
                "carthage-software/mago": "^1.47.4",
                "pdepend/pdepend": "^2.16",
                "phpunit/phpunit": "^11.5 || ^12.5 || ^13.3"
            },
            "type": "library",
            "autoload": {
                "psr-4": {
                    "Com\\Tecnick\\Pdf\\Sign\\": "src"
                }
            },
            "notification-url": "https://packagist.org/downloads/",
            "license": [
                "LGPL-3.0-or-later"
            ],
            "authors": [
                {
                    "name": "Nicola Asuni",
                    "email": "info@tecnick.com",
                    "role": "lead"
                }
            ],
            "description": "PHP library to create and embed digital signatures (PKCS#7 / CAdES / PAdES) in PDF documents",
            "homepage": "https://tcpdf.org",
            "keywords": [
                "cades",
                "digital-signature",
                "pades",
                "pdf",
                "pkcs7",
                "sign",
                "signature",
                "tc-lib-pdf-sign",
                "timestamp"
            ],
            "support": {
                "issues": "https://github.com/tecnickcom/tc-lib-pdf-sign/issues",
                "source": "https://github.com/tecnickcom/tc-lib-pdf-sign"
            },
            "funding": [
                {
                    "url": "https://github.com/sponsors/tecnickcom",
                    "type": "github"
                }
            ],
            "time": "2026-08-26T19:47:56+00:00"
        },
        {
            "name": "tecnickcom/tc-lib-unicode",
            "version": "3.0.5",
            "source": {
                "type": "git",
                "url": "https://github.com/tecnickcom/tc-lib-unicode.git",
                "reference": "267c34481ca591060ed3cba94afc9c2490d1c475"
            },
            "dist": {
                "type": "zip",
                "url": "https://api.github.com/repos/tecnickcom/tc-lib-unicode/zipball/267c34481ca591060ed3cba94afc9c2490d1c475",
                "reference": "267c34481ca591060ed3cba94afc9c2490d1c475",
                "shasum": ""
            },
            "require": {
                "ext-ctype": "*",
                "ext-mbstring": "*",
                "ext-pcre": "*",
                "php": "^8.2",
                "tecnickcom/tc-lib-unicode-data": "^3.0"
            },
            "require-dev": {
                "carthage-software/mago": "^1.47.4",
                "pdepend/pdepend": "^2.16",
                "phpunit/phpunit": "^11.5 || ^12.5 || ^13.3"
            },
            "type": "library",
            "autoload": {
                "psr-4": {
                    "Com\\Tecnick\\Unicode\\": "src"
                }
            },
            "notification-url": "https://packagist.org/downloads/",
            "license": [
                "LGPL-3.0-or-later"
            ],
            "authors": [
                {
                    "name": "Nicola Asuni",
                    "email": "info@tecnick.com",
                    "role": "lead"
                }
            ],
            "description": "PHP library to process UTF-8 and Unicode text",
            "homepage": "https://tcpdf.org",
            "keywords": [
                "font",
                "pdf",
                "tc-lib-unicode",
                "unicode",
                "utf-8"
            ],
            "support": {
                "issues": "https://github.com/tecnickcom/tc-lib-unicode/issues",
                "source": "https://github.com/tecnickcom/tc-lib-unicode"
            },
            "funding": [
                {
                    "url": "https://github.com/sponsors/tecnickcom",
                    "type": "github"
                }
            ],
            "time": "2026-08-27T14:18:38+00:00"
        },
        {
            "name": "tecnickcom/tc-lib-unicode-data",
            "version": "3.0.5",
            "source": {
                "type": "git",
                "url": "https://github.com/tecnickcom/tc-lib-unicode-data.git",
                "reference": "68afa34a33085719e5861ac790871d51cdd7722a"
            },
            "dist": {
                "type": "zip",
                "url": "https://api.github.com/repos/tecnickcom/tc-lib-unicode-data/zipball/68afa34a33085719e5861ac790871d51cdd7722a",
                "reference": "68afa34a33085719e5861ac790871d51cdd7722a",
                "shasum": ""
            },
            "require": {
                "php": "^8.2"
            },
            "require-dev": {
                "carthage-software/mago": "^1.47.4",
                "pdepend/pdepend": "^2.16",
                "phpunit/phpunit": "^11.5 || ^12.5 || ^13.3"
            },
            "type": "library",
            "autoload": {
                "psr-4": {
                    "Com\\Tecnick\\Unicode\\Data\\": "src"
                }
            },
            "notification-url": "https://packagist.org/downloads/",
            "license": [
                "LGPL-3.0-or-later"
            ],
            "authors": [
                {
                    "name": "Nicola Asuni",
                    "email": "info@tecnick.com",
                    "role": "lead"
                }
            ],
            "description": "PHP library containing Unicode definitions",
            "homepage": "https://tcpdf.org",
            "keywords": [
                "font",
                "pdf",
                "tc-lib-unicode-data",
                "unicode",
                "utf-8"
            ],
            "support": {
                "issues": "https://github.com/tecnickcom/tc-lib-unicode-data/issues",
                "source": "https://github.com/tecnickcom/tc-lib-unicode-data"
            },
            "funding": [
                {
                    "url": "https://github.com/sponsors/tecnickcom",
                    "type": "github"
                }
            ],
            "time": "2026-08-26T20:01:57+00:00"
        },
        {
            "name": "tecnickcom/tcpdf",
            "version": "7.0.7",
            "source": {
                "type": "git",
                "url": "https://github.com/tecnickcom/TCPDF.git",
                "reference": "dc18134a9495c19949288ee2c3f9d7b3364747b1"
            },
            "dist": {
                "type": "zip",
                "url": "https://api.github.com/repos/tecnickcom/TCPDF/zipball/dc18134a9495c19949288ee2c3f9d7b3364747b1",
                "reference": "dc18134a9495c19949288ee2c3f9d7b3364747b1",
                "shasum": ""
            },
            "require": {
                "ext-curl": "*",
                "php": ">=8.2",
                "tecnickcom/tc-lib-pdf": "^8"
            },
            "require-dev": {
                "pdepend/pdepend": "^2.16",
                "phpunit/phpunit": "^11.5 || ^12.5 || ^13.3"
            },
            "suggest": {
                "ext-gd": "Enables additional image handling in some workflows.",
                "ext-imagick": "Enables additional image format support when available.",
                "ext-zlib": "Recommended for compressed streams and related features.",
                "tecnickcom/tc-lib-pdf": "Modern replacement for TCPDF for new projects."
            },
            "type": "library",
            "autoload": {
                "classmap": [
                    "config",
                    "tcpdf.php"
                ]
            },
            "notification-url": "https://packagist.org/downloads/",
            "license": [
                "LGPL-3.0-or-later"
            ],
            "authors": [
                {
                    "name": "Nicola Asuni",
                    "email": "info@tecnick.com",
                    "role": "lead"
                }
            ],
            "description": "Deprecated legacy PDF engine for PHP. Use instead tecnickcom/tc-lib-pdf.",
            "homepage": "https://tcpdf.org",
            "keywords": [
                "PDFD32000-2008",
                "TCPDF",
                "barcodes",
                "datamatrix",
                "pdf",
                "pdf417",
                "qrcode"
            ],
            "support": {
                "issues": "https://github.com/tecnickcom/TCPDF/issues",
                "source": "https://github.com/tecnickcom/TCPDF"
            },
            "funding": [
                {
                    "url": "https://github.com/sponsors/tecnickcom",
                    "type": "github"
                }
            ],
            "time": "2026-08-28T11:51:32+00:00"
        }
    ],
    "packages-dev": [],
    "aliases": [],
    "minimum-stability": "stable",
    "stability-flags": {},
    "prefer-stable": false,
    "prefer-lowest": false,
    "platform": {
        "php": ">=8.3",
        "ext-bcmath": "*"
    },
    "platform-dev": {},
    "plugin-api-version": "2.9.0"
}
