{
    "_readme": [
        "This file locks the dependencies of your project to a known state",
        "Read more about it at https://getcomposer.org/doc/01-basic-usage.md#installing-dependencies",
        "This file is @generated automatically"
    ],
    "content-hash": "a2aa056a2e208225510def703d3e24b8",
    "packages": [
        {
            "name": "bgli100/securimage",
            "version": "4.0.2",
            "source": {
                "type": "git",
                "url": "https://github.com/bgli100/securimage.git",
                "reference": "aabde76d839d75a238970661187f83312c2eeda7"
            },
            "dist": {
                "type": "zip",
                "url": "https://api.github.com/repos/bgli100/securimage/zipball/aabde76d839d75a238970661187f83312c2eeda7",
                "reference": "aabde76d839d75a238970661187f83312c2eeda7",
                "shasum": ""
            },
            "require": {
                "ext-gd": "*",
                "php": ">=5.4"
            },
            "suggest": {
                "ext-pdo": "For database storage support",
                "ext-pdo_mysql": "For MySQL database support",
                "ext-pdo_sqlite": "For SQLite3 database support"
            },
            "type": "library",
            "autoload": {
                "psr-4": {
                    "Securimage\\": "./"
                },
                "classmap": [
                    "securimage.php"
                ]
            },
            "notification-url": "https://packagist.org/downloads/",
            "license": [
                "BSD-3-Clause"
            ],
            "authors": [
                {
                    "name": "Drew Phillips",
                    "email": "drew@drew-phillips.com"
                }
            ],
            "description": "PHP CAPTCHA Library",
            "homepage": "https://www.phpcaptcha.org",
            "keywords": [
                "Forms",
                "anti-spam",
                "captcha",
                "security"
            ],
            "support": {
                "source": "https://github.com/bgli100/securimage/tree/4.0.2"
            },
            "time": "2020-05-30T10:05:48+00:00"
        },
        {
            "name": "stripe/stripe-php",
            "version": "v21.3.0",
            "source": {
                "type": "git",
                "url": "https://github.com/stripe/stripe-php.git",
                "reference": "fe99159b9ee0a74be3c12c0305e5338e0b9905c3"
            },
            "dist": {
                "type": "zip",
                "url": "https://api.github.com/repos/stripe/stripe-php/zipball/fe99159b9ee0a74be3c12c0305e5338e0b9905c3",
                "reference": "fe99159b9ee0a74be3c12c0305e5338e0b9905c3",
                "shasum": ""
            },
            "require": {
                "ext-curl": "*",
                "ext-json": "*",
                "ext-mbstring": "*",
                "php": ">=7.2.0"
            },
            "require-dev": {
                "friendsofphp/php-cs-fixer": "3.94.0",
                "phpstan/phpstan": "^1.2",
                "phpunit/phpunit": "^8.0 || ^9.0"
            },
            "type": "library",
            "extra": {
                "branch-alias": {
                    "dev-master": "2.0-dev"
                }
            },
            "autoload": {
                "files": [
                    "lib/version_check.php"
                ],
                "psr-4": {
                    "Stripe\\": "lib/"
                }
            },
            "notification-url": "https://packagist.org/downloads/",
            "license": [
                "MIT"
            ],
            "authors": [
                {
                    "name": "Stripe and contributors",
                    "homepage": "https://github.com/stripe/stripe-php/contributors"
                }
            ],
            "description": "Stripe PHP Library",
            "homepage": "https://stripe.com/",
            "keywords": [
                "api",
                "payment processing",
                "stripe"
            ],
            "support": {
                "issues": "https://github.com/stripe/stripe-php/issues",
                "source": "https://github.com/stripe/stripe-php/tree/v21.3.0"
            },
            "time": "2026-08-27T04:12:06+00:00"
        },
        {
            "name": "tecnickcom/tc-lib-barcode",
            "version": "2.13.4",
            "source": {
                "type": "git",
                "url": "https://github.com/tecnickcom/tc-lib-barcode.git",
                "reference": "3e6fa83d0a0dcbaaffec3000a07f46ca74179d9b"
            },
            "dist": {
                "type": "zip",
                "url": "https://api.github.com/repos/tecnickcom/tc-lib-barcode/zipball/3e6fa83d0a0dcbaaffec3000a07f46ca74179d9b",
                "reference": "3e6fa83d0a0dcbaaffec3000a07f46ca74179d9b",
                "shasum": ""
            },
            "require": {
                "ext-ctype": "*",
                "ext-gd": "*",
                "ext-pcre": "*",
                "php": "^8.2",
                "tecnickcom/tc-lib-color": "^2.13"
            },
            "require-dev": {
                "carthage-software/mago": "^1.47",
                "pdepend/pdepend": "^2.16",
                "phpunit/phpunit": "^11.5 || ^12.5 || ^13.3"
            },
            "suggest": {
                "ext-bcmath": "Speeds up the arbitrary precision arithmetic used by the IMB and PDF417 barcode types (a pure-PHP implementation is used when missing)",
                "ext-imagick": "Alternative PNG renderer used by getPngData() when the extension is loaded"
            },
            "type": "library",
            "autoload": {
                "psr-4": {
                    "Com\\Tecnick\\Barcode\\": "src"
                }
            },
            "notification-url": "https://packagist.org/downloads/",
            "license": [
                "LGPL-3.0-or-later"
            ],
            "authors": [
                {
                    "name": "Nicola Asuni",
                    "email": "info@tecnick.com",
                    "role": "lead"
                }
            ],
            "description": "PHP library to generate linear and bidimensional barcodes",
            "homepage": "https://tcpdf.org",
            "keywords": [
                "3 of 9",
                "ANSI MH10.8M-1983",
                "CBC",
                "CODABAR",
                "CODE 11",
                "CODE 128 A B C",
                "CODE 39",
                "CODE 93",
                "EAN 13",
                "EAN 8",
                "ECC200",
                "ISO IEC 15438 2006",
                "ISO IEC 16022",
                "ISO IEC 24778 2008",
                "Intelligent Mail Barcode",
                "Interleaved 2 of 5",
                "KIX",
                "Klant",
                "MSI",
                "Onecode",
                "PHARMACODE",
                "PHARMACODE TWO-TRACKS",
                "POSTNET",
                "RMS4CC",
                "Standard 2 of 5",
                "UPC-A",
                "UPC-E",
                "USD-3",
                "USPS-B-3200",
                "USS-93",
                "aztec",
                "barcode",
                "datamatrix",
                "pdf417",
                "planet",
                "qr-code",
                "royal mail",
                "tc-lib-barcode",
                "upc"
            ],
            "support": {
                "issues": "https://github.com/tecnickcom/tc-lib-barcode/issues",
                "source": "https://github.com/tecnickcom/tc-lib-barcode"
            },
            "funding": [
                {
                    "url": "https://github.com/sponsors/tecnickcom",
                    "type": "github"
                }
            ],
            "time": "2026-08-24T13:21:34+00:00"
        },
        {
            "name": "tecnickcom/tc-lib-color",
            "version": "2.13.5",
            "source": {
                "type": "git",
                "url": "https://github.com/tecnickcom/tc-lib-color.git",
                "reference": "389eaad39e91520b3b2aeb40fad7f8c6e1d80fed"
            },
            "dist": {
                "type": "zip",
                "url": "https://api.github.com/repos/tecnickcom/tc-lib-color/zipball/389eaad39e91520b3b2aeb40fad7f8c6e1d80fed",
                "reference": "389eaad39e91520b3b2aeb40fad7f8c6e1d80fed",
                "shasum": ""
            },
            "require": {
                "ext-pcre": "*",
                "php": "^8.2"
            },
            "require-dev": {
                "carthage-software/mago": "^1.47",
                "pdepend/pdepend": "^2.16",
                "phpunit/phpunit": "^11.5 || ^12.5 || ^13.3"
            },
            "type": "library",
            "autoload": {
                "psr-4": {
                    "Com\\Tecnick\\Color\\": "src"
                }
            },
            "notification-url": "https://packagist.org/downloads/",
            "license": [
                "LGPL-3.0-or-later"
            ],
            "authors": [
                {
                    "name": "Nicola Asuni",
                    "email": "info@tecnick.com",
                    "role": "lead"
                }
            ],
            "description": "PHP library to manipulate various color representations",
            "homepage": "https://tcpdf.org",
            "keywords": [
                "cmyk",
                "color",
                "colors",
                "colour",
                "colours",
                "hsl",
                "hsla",
                "javascript",
                "rgb",
                "rgba",
                "tc-lib-color",
                "web"
            ],
            "support": {
                "issues": "https://github.com/tecnickcom/tc-lib-color/issues",
                "source": "https://github.com/tecnickcom/tc-lib-color"
            },
            "funding": [
                {
                    "url": "https://github.com/sponsors/tecnickcom",
                    "type": "github"
                }
            ],
            "time": "2026-08-24T12:53:27+00:00"
        },
        {
            "name": "tecnickcom/tc-lib-file",
            "version": "3.8.2",
            "source": {
                "type": "git",
                "url": "https://github.com/tecnickcom/tc-lib-file.git",
                "reference": "aeebbcf44e50dc4903cd510aa51cc63506d587af"
            },
            "dist": {
                "type": "zip",
                "url": "https://api.github.com/repos/tecnickcom/tc-lib-file/zipball/aeebbcf44e50dc4903cd510aa51cc63506d587af",
                "reference": "aeebbcf44e50dc4903cd510aa51cc63506d587af",
                "shasum": ""
            },
            "require": {
                "ext-curl": "*",
                "ext-pcre": "*",
                "php": "^8.2"
            },
            "require-dev": {
                "carthage-software/mago": "^1.47",
                "pdepend/pdepend": "^2.16",
                "phpunit/phpunit": "^11.5 || ^12.5 || ^13.3"
            },
            "suggest": {
                "ext-intl": "Enables Unicode NFC normalization when matching paths against the allowlist"
            },
            "type": "library",
            "autoload": {
                "psr-4": {
                    "Com\\Tecnick\\File\\": "src"
                }
            },
            "notification-url": "https://packagist.org/downloads/",
            "license": [
                "LGPL-3.0-or-later"
            ],
            "authors": [
                {
                    "name": "Nicola Asuni",
                    "email": "info@tecnick.com",
                    "role": "lead"
                }
            ],
            "description": "PHP library for safe low-level file access: byte-level reads, path allowlisting, file caching and directory lookup",
            "homepage": "https://tcpdf.org",
            "keywords": [
                "Double",
                "bit",
                "byte",
                "file",
                "long",
                "read",
                "short",
                "tc-lib-file"
            ],
            "support": {
                "issues": "https://github.com/tecnickcom/tc-lib-file/issues",
                "source": "https://github.com/tecnickcom/tc-lib-file"
            },
            "funding": [
                {
                    "url": "https://github.com/sponsors/tecnickcom",
                    "type": "github"
                }
            ],
            "time": "2026-08-24T13:03:47+00:00"
        },
        {
            "name": "tecnickcom/tc-lib-pdf",
            "version": "8.71.2",
            "source": {
                "type": "git",
                "url": "https://github.com/tecnickcom/tc-lib-pdf.git",
                "reference": "382cfb2dd4dacea83b7dfd47489c2a5695d80bf9"
            },
            "dist": {
                "type": "zip",
                "url": "https://api.github.com/repos/tecnickcom/tc-lib-pdf/zipball/382cfb2dd4dacea83b7dfd47489c2a5695d80bf9",
                "reference": "382cfb2dd4dacea83b7dfd47489c2a5695d80bf9",
                "shasum": ""
            },
            "require": {
                "ext-ctype": "*",
                "ext-filter": "*",
                "ext-hash": "*",
                "ext-json": "*",
                "ext-mbstring": "*",
                "ext-openssl": "*",
                "ext-pcre": "*",
                "ext-xml": "*",
                "ext-zlib": "*",
                "php": "^8.2",
                "tecnickcom/tc-lib-barcode": "^2.13",
                "tecnickcom/tc-lib-color": "^2.13",
                "tecnickcom/tc-lib-file": "^3.8",
                "tecnickcom/tc-lib-pdf-encrypt": "^2.10",
                "tecnickcom/tc-lib-pdf-font": "^4.2",
                "tecnickcom/tc-lib-pdf-graph": "^2.15",
                "tecnickcom/tc-lib-pdf-image": "^3.12",
                "tecnickcom/tc-lib-pdf-page": "^4.14",
                "tecnickcom/tc-lib-pdf-parser": "^3.14",
                "tecnickcom/tc-lib-pdf-sign": "^2.0",
                "tecnickcom/tc-lib-unicode": "^3.0",
                "tecnickcom/tc-lib-unicode-data": "^3.0"
            },
            "require-dev": {
                "carthage-software/mago": "^1.47",
                "pdepend/pdepend": "^2.16",
                "phpunit/phpunit": "^11.5 || ^12.5 || ^13.3"
            },
            "suggest": {
                "ext-curl": "Required to contact a Timestamp Authority (RFC 3161) when timestamping signatures",
                "ext-intl": "Enables Unicode NFC normalization of the PDF file name"
            },
            "type": "library",
            "autoload": {
                "psr-4": {
                    "Com\\Tecnick\\Pdf\\": "src"
                }
            },
            "notification-url": "https://packagist.org/downloads/",
            "license": [
                "LGPL-3.0-or-later"
            ],
            "authors": [
                {
                    "name": "Nicola Asuni",
                    "email": "info@tecnick.com",
                    "role": "lead"
                }
            ],
            "description": "PHP PDF Library",
            "homepage": "https://tcpdf.org",
            "keywords": [
                "PDFD32000-2008",
                "TCPDF",
                "document",
                "pdf",
                "tc-lib-pdf"
            ],
            "support": {
                "issues": "https://github.com/tecnickcom/tc-lib-pdf/issues",
                "source": "https://github.com/tecnickcom/tc-lib-pdf"
            },
            "funding": [
                {
                    "url": "https://github.com/sponsors/tecnickcom",
                    "type": "github"
                }
            ],
            "time": "2026-08-25T14:34:29+00:00"
        },
        {
            "name": "tecnickcom/tc-lib-pdf-encrypt",
            "version": "2.10.1",
            "source": {
                "type": "git",
                "url": "https://github.com/tecnickcom/tc-lib-pdf-encrypt.git",
                "reference": "e18137b982b2b4470daca8b5c60240fbaf7b1299"
            },
            "dist": {
                "type": "zip",
                "url": "https://api.github.com/repos/tecnickcom/tc-lib-pdf-encrypt/zipball/e18137b982b2b4470daca8b5c60240fbaf7b1299",
                "reference": "e18137b982b2b4470daca8b5c60240fbaf7b1299",
                "shasum": ""
            },
            "require": {
                "ext-hash": "*",
                "ext-openssl": "*",
                "ext-pcre": "*",
                "php": "^8.2"
            },
            "require-dev": {
                "carthage-software/mago": "^1.47",
                "pdepend/pdepend": "^2.16",
                "phpunit/phpunit": "^11.5 || ^12.5 || ^13.3"
            },
            "suggest": {
                "ext-posix": "Adds the process id to the random seed material"
            },
            "type": "library",
            "autoload": {
                "psr-4": {
                    "Com\\Tecnick\\Pdf\\Encrypt\\": "src"
                }
            },
            "notification-url": "https://packagist.org/downloads/",
            "license": [
                "LGPL-3.0-or-later"
            ],
            "authors": [
                {
                    "name": "Nicola Asuni",
                    "email": "info@tecnick.com",
                    "role": "lead"
                }
            ],
            "description": "PHP library to encrypt data for PDF",
            "homepage": "https://tcpdf.org",
            "keywords": [
                "aes",
                "encrypt",
                "encryption",
                "pdf",
                "rc4",
                "tc-lib-pdf-encrypt"
            ],
            "support": {
                "issues": "https://github.com/tecnickcom/tc-lib-pdf-encrypt/issues",
                "source": "https://github.com/tecnickcom/tc-lib-pdf-encrypt"
            },
            "funding": [
                {
                    "url": "https://github.com/sponsors/tecnickcom",
                    "type": "github"
                }
            ],
            "time": "2026-08-24T13:08:24+00:00"
        },
        {
            "name": "tecnickcom/tc-lib-pdf-filter",
            "version": "2.10.5",
            "source": {
                "type": "git",
                "url": "https://github.com/tecnickcom/tc-lib-pdf-filter.git",
                "reference": "c8743791fd245f51cccafccd2146794bba06eee8"
            },
            "dist": {
                "type": "zip",
                "url": "https://api.github.com/repos/tecnickcom/tc-lib-pdf-filter/zipball/c8743791fd245f51cccafccd2146794bba06eee8",
                "reference": "c8743791fd245f51cccafccd2146794bba06eee8",
                "shasum": ""
            },
            "require": {
                "ext-pcre": "*",
                "ext-zlib": "*",
                "php": "^8.2"
            },
            "require-dev": {
                "carthage-software/mago": "^1.47",
                "pdepend/pdepend": "^2.16",
                "phpunit/phpunit": "^11.5 || ^12.5 || ^13.3"
            },
            "suggest": {
                "ext-imagick": "Required for the JPXDecode (JPEG 2000) and CCITTFaxDecode filters"
            },
            "type": "library",
            "autoload": {
                "psr-4": {
                    "Com\\Tecnick\\Pdf\\Filter\\": "src"
                }
            },
            "notification-url": "https://packagist.org/downloads/",
            "license": [
                "LGPL-3.0-or-later"
            ],
            "authors": [
                {
                    "name": "Nicola Asuni",
                    "email": "info@tecnick.com",
                    "role": "lead"
                }
            ],
            "description": "PHP library to decode PDF compression and encryption filters",
            "homepage": "https://tcpdf.org",
            "keywords": [
                "compression",
                "encryption",
                "filter",
                "pdf",
                "tc-lib-pdf-filter"
            ],
            "support": {
                "issues": "https://github.com/tecnickcom/tc-lib-pdf-filter/issues",
                "source": "https://github.com/tecnickcom/tc-lib-pdf-filter"
            },
            "funding": [
                {
                    "url": "https://github.com/sponsors/tecnickcom",
                    "type": "github"
                }
            ],
            "time": "2026-08-24T13:10:08+00:00"
        },
        {
            "name": "tecnickcom/tc-lib-pdf-font",
            "version": "4.2.1",
            "source": {
                "type": "git",
                "url": "https://github.com/tecnickcom/tc-lib-pdf-font.git",
                "reference": "61b104fa59eb13ea81e3201175e422097d7f2345"
            },
            "dist": {
                "type": "zip",
                "url": "https://api.github.com/repos/tecnickcom/tc-lib-pdf-font/zipball/61b104fa59eb13ea81e3201175e422097d7f2345",
                "reference": "61b104fa59eb13ea81e3201175e422097d7f2345",
                "shasum": ""
            },
            "require": {
                "ext-hash": "*",
                "ext-json": "*",
                "ext-pcre": "*",
                "ext-zlib": "*",
                "php": ">=8.2",
                "tecnickcom/tc-lib-file": "^3.7",
                "tecnickcom/tc-lib-pdf-encrypt": "^2.10",
                "tecnickcom/tc-lib-unicode-data": "^3.0"
            },
            "require-dev": {
                "pdepend/pdepend": "^2.16",
                "phpunit/phpunit": "^11.5 || ^12.5 || ^13.3"
            },
            "suggest": {
                "ext-iconv": "Decodes legacy Macintosh (MacRoman) TrueType name strings",
                "ext-mbstring": "Decodes UTF-16BE and Windows-1252 TrueType name strings"
            },
            "type": "library",
            "autoload": {
                "psr-4": {
                    "Com\\Tecnick\\Pdf\\Font\\": "src"
                }
            },
            "notification-url": "https://packagist.org/downloads/",
            "license": [
                "LGPL-3.0-or-later"
            ],
            "authors": [
                {
                    "name": "Nicola Asuni",
                    "email": "info@tecnick.com",
                    "role": "lead"
                }
            ],
            "description": "PHP library containing PDF font methods and utilities",
            "homepage": "https://tcpdf.org",
            "keywords": [
                "PFB",
                "afm",
                "font",
                "import",
                "pdf",
                "tc-lib-pdf-font",
                "ttf"
            ],
            "support": {
                "issues": "https://github.com/tecnickcom/tc-lib-pdf-font/issues",
                "source": "https://github.com/tecnickcom/tc-lib-pdf-font"
            },
            "funding": [
                {
                    "url": "https://github.com/sponsors/tecnickcom",
                    "type": "github"
                }
            ],
            "time": "2026-08-21T14:19:03+00:00"
        },
        {
            "name": "tecnickcom/tc-lib-pdf-graph",
            "version": "2.15.5",
            "source": {
                "type": "git",
                "url": "https://github.com/tecnickcom/tc-lib-pdf-graph.git",
                "reference": "b9d217f9dc748b77c8e393edd48df4f12fda95d1"
            },
            "dist": {
                "type": "zip",
                "url": "https://api.github.com/repos/tecnickcom/tc-lib-pdf-graph/zipball/b9d217f9dc748b77c8e393edd48df4f12fda95d1",
                "reference": "b9d217f9dc748b77c8e393edd48df4f12fda95d1",
                "shasum": ""
            },
            "require": {
                "ext-zlib": "*",
                "php": "^8.2",
                "tecnickcom/tc-lib-color": "^2.13",
                "tecnickcom/tc-lib-pdf-encrypt": "^2.10"
            },
            "require-dev": {
                "carthage-software/mago": "^1.47",
                "pdepend/pdepend": "^2.16",
                "phpunit/phpunit": "^11.5 || ^12.5 || ^13.3"
            },
            "type": "library",
            "autoload": {
                "psr-4": {
                    "Com\\Tecnick\\Pdf\\Graph\\": "src"
                }
            },
            "notification-url": "https://packagist.org/downloads/",
            "license": [
                "LGPL-3.0-or-later"
            ],
            "authors": [
                {
                    "name": "Nicola Asuni",
                    "email": "info@tecnick.com",
                    "role": "lead"
                }
            ],
            "description": "PHP library containing PDF graphic and geometric methods",
            "homepage": "https://tcpdf.org",
            "keywords": [
                "geometry",
                "graphic",
                "pdf",
                "tc-lib-pdf-graph",
                "transformation"
            ],
            "support": {
                "issues": "https://github.com/tecnickcom/tc-lib-pdf-graph/issues",
                "source": "https://github.com/tecnickcom/tc-lib-pdf-graph"
            },
            "funding": [
                {
                    "url": "https://github.com/sponsors/tecnickcom",
                    "type": "github"
                }
            ],
            "time": "2026-08-24T13:31:31+00:00"
        },
        {
            "name": "tecnickcom/tc-lib-pdf-image",
            "version": "3.12.6",
            "source": {
                "type": "git",
                "url": "https://github.com/tecnickcom/tc-lib-pdf-image.git",
                "reference": "550c05aa7577a5ded2fbb34fbd7981b0677f5578"
            },
            "dist": {
                "type": "zip",
                "url": "https://api.github.com/repos/tecnickcom/tc-lib-pdf-image/zipball/550c05aa7577a5ded2fbb34fbd7981b0677f5578",
                "reference": "550c05aa7577a5ded2fbb34fbd7981b0677f5578",
                "shasum": ""
            },
            "require": {
                "ext-gd": "*",
                "ext-zlib": "*",
                "php": "^8.2",
                "tecnickcom/tc-lib-color": "^2.13",
                "tecnickcom/tc-lib-file": "^3.8",
                "tecnickcom/tc-lib-pdf-encrypt": "^2.10"
            },
            "require-dev": {
                "carthage-software/mago": "^1.47",
                "pdepend/pdepend": "^2.16",
                "phpunit/phpunit": "^11.5 || ^12.5 || ^13.3"
            },
            "type": "library",
            "autoload": {
                "psr-4": {
                    "Com\\Tecnick\\Pdf\\Image\\": "src"
                }
            },
            "notification-url": "https://packagist.org/downloads/",
            "license": [
                "LGPL-3.0-or-later"
            ],
            "authors": [
                {
                    "name": "Nicola Asuni",
                    "email": "info@tecnick.com",
                    "role": "lead"
                }
            ],
            "description": "PHP library containing PDF Image methods",
            "homepage": "https://tcpdf.org",
            "keywords": [
                "image",
                "jpeg",
                "jpg",
                "pdf",
                "png",
                "tc-lib-pdf-image"
            ],
            "support": {
                "issues": "https://github.com/tecnickcom/tc-lib-pdf-image/issues",
                "source": "https://github.com/tecnickcom/tc-lib-pdf-image"
            },
            "funding": [
                {
                    "url": "https://github.com/sponsors/tecnickcom",
                    "type": "github"
                }
            ],
            "time": "2026-08-24T13:33:37+00:00"
        },
        {
            "name": "tecnickcom/tc-lib-pdf-page",
            "version": "4.14.5",
            "source": {
                "type": "git",
                "url": "https://github.com/tecnickcom/tc-lib-pdf-page.git",
                "reference": "cf0ceabad6f385e872ee9b5b76bfa18ee8e2d317"
            },
            "dist": {
                "type": "zip",
                "url": "https://api.github.com/repos/tecnickcom/tc-lib-pdf-page/zipball/cf0ceabad6f385e872ee9b5b76bfa18ee8e2d317",
                "reference": "cf0ceabad6f385e872ee9b5b76bfa18ee8e2d317",
                "shasum": ""
            },
            "require": {
                "ext-zlib": "*",
                "php": "^8.2",
                "tecnickcom/tc-lib-color": "^2.13",
                "tecnickcom/tc-lib-pdf-encrypt": "^2.10"
            },
            "require-dev": {
                "carthage-software/mago": "^1.47",
                "pdepend/pdepend": "^2.16",
                "phpunit/phpunit": "^11.5 || ^12.5 || ^13.3"
            },
            "type": "library",
            "autoload": {
                "psr-4": {
                    "Com\\Tecnick\\Pdf\\Page\\": "src"
                }
            },
            "notification-url": "https://packagist.org/downloads/",
            "license": [
                "LGPL-3.0-or-later"
            ],
            "authors": [
                {
                    "name": "Nicola Asuni",
                    "email": "info@tecnick.com",
                    "role": "lead"
                }
            ],
            "description": "PHP library containing PDF page formats and definitions",
            "homepage": "https://tcpdf.org",
            "keywords": [
                "format",
                "page",
                "pdf",
                "tc-lib-pdf-page"
            ],
            "support": {
                "issues": "https://github.com/tecnickcom/tc-lib-pdf-page/issues",
                "source": "https://github.com/tecnickcom/tc-lib-pdf-page"
            },
            "funding": [
                {
                    "url": "https://github.com/sponsors/tecnickcom",
                    "type": "github"
                }
            ],
            "time": "2026-08-24T13:29:56+00:00"
        },
        {
            "name": "tecnickcom/tc-lib-pdf-parser",
            "version": "3.14.4",
            "source": {
                "type": "git",
                "url": "https://github.com/tecnickcom/tc-lib-pdf-parser.git",
                "reference": "24508d9dfccf8f985fb161604647d905782f86e9"
            },
            "dist": {
                "type": "zip",
                "url": "https://api.github.com/repos/tecnickcom/tc-lib-pdf-parser/zipball/24508d9dfccf8f985fb161604647d905782f86e9",
                "reference": "24508d9dfccf8f985fb161604647d905782f86e9",
                "shasum": ""
            },
            "require": {
                "ext-pcre": "*",
                "php": "^8.2",
                "tecnickcom/tc-lib-pdf-filter": "^2.10"
            },
            "require-dev": {
                "carthage-software/mago": "^1.47",
                "pdepend/pdepend": "^2.16",
                "phpunit/phpunit": "^11.5 || ^12.5 || ^13.3"
            },
            "type": "library",
            "autoload": {
                "psr-4": {
                    "Com\\Tecnick\\Pdf\\Parser\\": "src"
                }
            },
            "notification-url": "https://packagist.org/downloads/",
            "license": [
                "LGPL-3.0-or-later"
            ],
            "authors": [
                {
                    "name": "Nicola Asuni",
                    "email": "info@tecnick.com",
                    "role": "lead"
                }
            ],
            "description": "PHP library to parse PDF documents",
            "homepage": "https://tcpdf.org",
            "keywords": [
                "document",
                "parser",
                "pdf",
                "tc-lib-pdf-parser"
            ],
            "support": {
                "issues": "https://github.com/tecnickcom/tc-lib-pdf-parser/issues",
                "source": "https://github.com/tecnickcom/tc-lib-pdf-parser"
            },
            "funding": [
                {
                    "url": "https://github.com/sponsors/tecnickcom",
                    "type": "github"
                }
            ],
            "time": "2026-08-24T13:28:08+00:00"
        },
        {
            "name": "tecnickcom/tc-lib-pdf-sign",
            "version": "2.0.0",
            "source": {
                "type": "git",
                "url": "https://github.com/tecnickcom/tc-lib-pdf-sign.git",
                "reference": "b5888ddb0f0e9057743c06b49f00eb2e2e390f76"
            },
            "dist": {
                "type": "zip",
                "url": "https://api.github.com/repos/tecnickcom/tc-lib-pdf-sign/zipball/b5888ddb0f0e9057743c06b49f00eb2e2e390f76",
                "reference": "b5888ddb0f0e9057743c06b49f00eb2e2e390f76",
                "shasum": ""
            },
            "require": {
                "ext-hash": "*",
                "ext-json": "*",
                "ext-openssl": "*",
                "ext-pcre": "*",
                "php": "^8.2"
            },
            "require-dev": {
                "carthage-software/mago": "^1.47",
                "pdepend/pdepend": "^2.16",
                "phpunit/phpunit": "^11.5 || ^12.5 || ^13.3"
            },
            "type": "library",
            "autoload": {
                "psr-4": {
                    "Com\\Tecnick\\Pdf\\Sign\\": "src"
                }
            },
            "notification-url": "https://packagist.org/downloads/",
            "license": [
                "LGPL-3.0-or-later"
            ],
            "authors": [
                {
                    "name": "Nicola Asuni",
                    "email": "info@tecnick.com",
                    "role": "lead"
                }
            ],
            "description": "PHP library to create and embed digital signatures (PKCS#7 / CAdES / PAdES) in PDF documents",
            "homepage": "https://tcpdf.org",
            "keywords": [
                "cades",
                "digital-signature",
                "pades",
                "pdf",
                "pkcs7",
                "sign",
                "signature",
                "tc-lib-pdf-sign",
                "timestamp"
            ],
            "support": {
                "issues": "https://github.com/tecnickcom/tc-lib-pdf-sign/issues",
                "source": "https://github.com/tecnickcom/tc-lib-pdf-sign"
            },
            "funding": [
                {
                    "url": "https://github.com/sponsors/tecnickcom",
                    "type": "github"
                }
            ],
            "time": "2026-08-25T11:34:59+00:00"
        },
        {
            "name": "tecnickcom/tc-lib-unicode",
            "version": "3.0.4",
            "source": {
                "type": "git",
                "url": "https://github.com/tecnickcom/tc-lib-unicode.git",
                "reference": "b69cd63a6e5dc941343e62e1396a85a669715d8f"
            },
            "dist": {
                "type": "zip",
                "url": "https://api.github.com/repos/tecnickcom/tc-lib-unicode/zipball/b69cd63a6e5dc941343e62e1396a85a669715d8f",
                "reference": "b69cd63a6e5dc941343e62e1396a85a669715d8f",
                "shasum": ""
            },
            "require": {
                "ext-ctype": "*",
                "ext-mbstring": "*",
                "ext-pcre": "*",
                "php": "^8.2",
                "tecnickcom/tc-lib-unicode-data": "^3.0"
            },
            "require-dev": {
                "carthage-software/mago": "^1.47",
                "pdepend/pdepend": "^2.16",
                "phpunit/phpunit": "^11.5 || ^12.5 || ^13.3"
            },
            "type": "library",
            "autoload": {
                "psr-4": {
                    "Com\\Tecnick\\Unicode\\": "src"
                }
            },
            "notification-url": "https://packagist.org/downloads/",
            "license": [
                "LGPL-3.0-or-later"
            ],
            "authors": [
                {
                    "name": "Nicola Asuni",
                    "email": "info@tecnick.com",
                    "role": "lead"
                }
            ],
            "description": "PHP library containing Unicode methods",
            "homepage": "https://tcpdf.org",
            "keywords": [
                "font",
                "pdf",
                "tc-lib-unicode",
                "unicode",
                "utf-8"
            ],
            "support": {
                "issues": "https://github.com/tecnickcom/tc-lib-unicode/issues",
                "source": "https://github.com/tecnickcom/tc-lib-unicode"
            },
            "funding": [
                {
                    "url": "https://github.com/sponsors/tecnickcom",
                    "type": "github"
                }
            ],
            "time": "2026-08-24T13:26:17+00:00"
        },
        {
            "name": "tecnickcom/tc-lib-unicode-data",
            "version": "3.0.4",
            "source": {
                "type": "git",
                "url": "https://github.com/tecnickcom/tc-lib-unicode-data.git",
                "reference": "2b5aa86bcaa9f954d058da4727f360dac55b1013"
            },
            "dist": {
                "type": "zip",
                "url": "https://api.github.com/repos/tecnickcom/tc-lib-unicode-data/zipball/2b5aa86bcaa9f954d058da4727f360dac55b1013",
                "reference": "2b5aa86bcaa9f954d058da4727f360dac55b1013",
                "shasum": ""
            },
            "require": {
                "php": "^8.2"
            },
            "require-dev": {
                "carthage-software/mago": "^1.47",
                "pdepend/pdepend": "^2.16",
                "phpunit/phpunit": "^11.5 || ^12.5 || ^13.3"
            },
            "type": "library",
            "autoload": {
                "psr-4": {
                    "Com\\Tecnick\\Unicode\\Data\\": "src"
                }
            },
            "notification-url": "https://packagist.org/downloads/",
            "license": [
                "LGPL-3.0-or-later"
            ],
            "authors": [
                {
                    "name": "Nicola Asuni",
                    "email": "info@tecnick.com",
                    "role": "lead"
                }
            ],
            "description": "PHP library containing Unicode definitions",
            "homepage": "https://tcpdf.org",
            "keywords": [
                "font",
                "pdf",
                "tc-lib-unicode-data",
                "unicode",
                "utf-8"
            ],
            "support": {
                "issues": "https://github.com/tecnickcom/tc-lib-unicode-data/issues",
                "source": "https://github.com/tecnickcom/tc-lib-unicode-data"
            },
            "funding": [
                {
                    "url": "https://github.com/sponsors/tecnickcom",
                    "type": "github"
                }
            ],
            "time": "2026-08-24T13:18:28+00:00"
        },
        {
            "name": "tecnickcom/tcpdf",
            "version": "7.0.6",
            "source": {
                "type": "git",
                "url": "https://github.com/tecnickcom/TCPDF.git",
                "reference": "0c77bbf08ce1607fee2f60f86c5385da57939db0"
            },
            "dist": {
                "type": "zip",
                "url": "https://api.github.com/repos/tecnickcom/TCPDF/zipball/0c77bbf08ce1607fee2f60f86c5385da57939db0",
                "reference": "0c77bbf08ce1607fee2f60f86c5385da57939db0",
                "shasum": ""
            },
            "require": {
                "ext-curl": "*",
                "php": ">=8.2",
                "tecnickcom/tc-lib-pdf": "^8"
            },
            "require-dev": {
                "pdepend/pdepend": "^2.16",
                "phpunit/phpunit": "^11.5 || ^12.5 || ^13.3"
            },
            "suggest": {
                "ext-gd": "Enables additional image handling in some workflows.",
                "ext-imagick": "Enables additional image format support when available.",
                "ext-zlib": "Recommended for compressed streams and related features.",
                "tecnickcom/tc-lib-pdf": "Modern replacement for TCPDF for new projects."
            },
            "type": "library",
            "autoload": {
                "classmap": [
                    "config",
                    "tcpdf.php"
                ]
            },
            "notification-url": "https://packagist.org/downloads/",
            "license": [
                "LGPL-3.0-or-later"
            ],
            "authors": [
                {
                    "name": "Nicola Asuni",
                    "email": "info@tecnick.com",
                    "role": "lead"
                }
            ],
            "description": "Deprecated legacy PDF engine for PHP. Use instead tecnickcom/tc-lib-pdf.",
            "homepage": "https://tcpdf.org",
            "keywords": [
                "PDFD32000-2008",
                "TCPDF",
                "barcodes",
                "datamatrix",
                "pdf",
                "pdf417",
                "qrcode"
            ],
            "support": {
                "issues": "https://github.com/tecnickcom/TCPDF/issues",
                "source": "https://github.com/tecnickcom/TCPDF"
            },
            "funding": [
                {
                    "url": "https://github.com/sponsors/tecnickcom",
                    "type": "github"
                }
            ],
            "time": "2026-08-21T15:13:46+00:00"
        }
    ],
    "packages-dev": [],
    "aliases": [],
    "minimum-stability": "stable",
    "stability-flags": {},
    "prefer-stable": false,
    "prefer-lowest": false,
    "platform": {
        "php": ">=8.3",
        "ext-bcmath": "*"
    },
    "platform-dev": {},
    "plugin-api-version": "2.9.0"
}
